
Microsoft Visual Studio Solution File, Format Version 12.00
# Visual Studio 15
VisualStudioVersion = 15.0.27130.2027
MinimumVisualStudioVersion = 10.0.40219.1
Project("{F2A71F9B-5D33-465A-A702-920D77279786}") = "FirstSteps", "FirstSteps\FirstSteps.fsproj", "{5AC16309-1B45-41D6-8CAD-6857795E2FAC}"
EndProject
Global
	GlobalSection(SolutionConfigurationPlatforms) = preSolution
		Debug|Any CPU = Debug|Any CPU
		Release|Any CPU = Release|Any CPU
	EndGlobalSection
	GlobalSection(ProjectConfigurationPlatforms) = postSolution
		{5AC16309-1B45-41D6-8CAD-6857795E2FAC}.Debug|Any CPU.ActiveCfg = Debug|Any CPU
		{5AC16309-1B45-41D6-8CAD-6857795E2FAC}.Debug|Any CPU.Build.0 = Debug|Any CPU
		{5AC16309-1B45-41D6-8CAD-6857795E2FAC}.Release|Any CPU.ActiveCfg = Release|Any CPU
		{5AC16309-1B45-41D6-8CAD-6857795E2FAC}.Release|Any CPU.Build.0 = Release|Any CPU
	EndGlobalSection
	GlobalSection(SolutionProperties) = preSolution
		HideSolutionNode = FALSE
	EndGlobalSection
	GlobalSection(ExtensibilityGlobals) = postSolution
		SolutionGuid = {06E81229-E3C4-4611-B633-AA40137F5483}
	EndGlobalSection
EndGlobal
